// !$*UTF8*$!
{
	archiveVersion = 1;
	classes = {
	};
	objectVersion = 50;
	objects = {

/* Begin PBXBuildFile section */
		46CECB3E3CB0D3749D9C294F /* Pods_WeatherAppTests.framework in Frameworks */ = {isa = PBXBuildFile; fileRef = 31426851D1B942D45FEC1569 /* Pods_WeatherAppTests.framework */; };
		9A0F84BB21299A3D007EF376 /* DataLayer.framework in Embed frameworks */ = {isa = PBXBuildFile; fileRef = 9AB82FA82118AAFA00DF359A /* DataLayer.framework */; settings = {ATTRIBUTES = (CodeSignOnCopy, RemoveHeadersOnCopy, ); }; };
		9A0F84BC21299A3D007EF376 /* DomainLayer.framework in Embed frameworks */ = {isa = PBXBuildFile; fileRef = 9AB82F572118A25600DF359A /* DomainLayer.framework */; settings = {ATTRIBUTES = (CodeSignOnCopy, RemoveHeadersOnCopy, ); }; };
		9A26059E2110A6C50019905A /* XCTestCaseExtensions.swift in Sources */ = {isa = PBXBuildFile; fileRef = 9A26059D2110A6C50019905A /* XCTestCaseExtensions.swift */; };
		9AB82F582118A25600DF359A /* DomainLayer.framework in Frameworks */ = {isa = PBXBuildFile; fileRef = 9AB82F572118A25600DF359A /* DomainLayer.framework */; };
		9AB82FA92118AAFA00DF359A /* DataLayer.framework in Frameworks */ = {isa = PBXBuildFile; fileRef = 9AB82FA82118AAFA00DF359A /* DataLayer.framework */; };
		9AB82FAE2118AF6B00DF359A /* MainViewController.xib in Resources */ = {isa = PBXBuildFile; fileRef = 9AB82FAD2118AF6B00DF359A /* MainViewController.xib */; };
		9ABEB6FB2103396A00FF371B /* AppDelegate.swift in Sources */ = {isa = PBXBuildFile; fileRef = 9ABEB6FA2103396A00FF371B /* AppDelegate.swift */; };
		9ABEB7022103396B00FF371B /* Assets.xcassets in Resources */ = {isa = PBXBuildFile; fileRef = 9ABEB7012103396B00FF371B /* Assets.xcassets */; };
		9ABEB7052103396B00FF371B /* LaunchScreen.storyboard in Resources */ = {isa = PBXBuildFile; fileRef = 9ABEB7032103396B00FF371B /* LaunchScreen.storyboard */; };
		9ABEB71B2103396C00FF371B /* WeatherAppUITests.swift in Sources */ = {isa = PBXBuildFile; fileRef = 9ABEB71A2103396C00FF371B /* WeatherAppUITests.swift */; };
		9ABEB72B21033C1300FF371B /* MainViewController.swift in Sources */ = {isa = PBXBuildFile; fileRef = 9ABEB72A21033C1300FF371B /* MainViewController.swift */; };
		9AC3A45B212C6126001A1513 /* BarChartView.swift in Sources */ = {isa = PBXBuildFile; fileRef = 9AC3A45A212C6126001A1513 /* BarChartView.swift */; };
		9AFB089D21299BB80069ACC1 /* TestsPlaceholderTests.swift in Sources */ = {isa = PBXBuildFile; fileRef = 9AFB089C21299BB80069ACC1 /* TestsPlaceholderTests.swift */; };
		DD7C2717087012324A8A3951 /* Pods_WeatherAppUITests.framework in Frameworks */ = {isa = PBXBuildFile; fileRef = 24A6133AFABF12E238EE9A5E /* Pods_WeatherAppUITests.framework */; };
		FD82323D84B8626FD80E1D93 /* Pods_WeatherApp.framework in Frameworks */ = {isa = PBXBuildFile; fileRef = 0CA71385DA2E9792FED10A56 /* Pods_WeatherApp.framework */; };
/* End PBXBuildFile section */

/* Begin PBXContainerItemProxy section */
		9ABEB70C2103396C00FF371B /* PBXContainerItemProxy */ = {
			isa = PBXContainerItemProxy;
			containerPortal = 9ABEB6EF2103396A00FF371B /* Project object */;
			proxyType = 1;
			remoteGlobalIDString = 9ABEB6F62103396A00FF371B;
			remoteInfo = WeatherApp;
		};
		9ABEB7172103396C00FF371B /* PBXContainerItemProxy */ = {
			isa = PBXContainerItemProxy;
			containerPortal = 9ABEB6EF2103396A00FF371B /* Project object */;
			proxyType = 1;
			remoteGlobalIDString = 9ABEB6F62103396A00FF371B;
			remoteInfo = WeatherApp;
		};
/* End PBXContainerItemProxy section */

/* Begin PBXCopyFilesBuildPhase section */
		9A0F84BA21299A26007EF376 /* Embed frameworks */ = {
			isa = PBXCopyFilesBuildPhase;
			buildActionMask = 2147483647;
			dstPath = "";
			dstSubfolderSpec = 10;
			files = (
				9A0F84BB21299A3D007EF376 /* DataLayer.framework in Embed frameworks */,
				9A0F84BC21299A3D007EF376 /* DomainLayer.framework in Embed frameworks */,
			);
			name = "Embed frameworks";
			runOnlyForDeploymentPostprocessing = 0;
		};
/* End PBXCopyFilesBuildPhase section */

/* Begin PBXFileReference section */
		0CA71385DA2E9792FED10A56 /* Pods_WeatherApp.framework */ = {isa = PBXFileReference; explicitFileType = wrapper.framework; includeInIndex = 0; path = Pods_WeatherApp.framework; sourceTree = BUILT_PRODUCTS_DIR; };
		20F8451943CF763BB60ED0D9 /* Pods-WeatherAppTests.debug.xcconfig */ = {isa = PBXFileReference; includeInIndex = 1; lastKnownFileType = text.xcconfig; name = "Pods-WeatherAppTests.debug.xcconfig"; path = "Pods/Target Support Files/Pods-WeatherAppTests/Pods-WeatherAppTests.debug.xcconfig"; sourceTree = "<group>"; };
		24A6133AFABF12E238EE9A5E /* Pods_WeatherAppUITests.framework */ = {isa = PBXFileReference; explicitFileType = wrapper.framework; includeInIndex = 0; path = Pods_WeatherAppUITests.framework; sourceTree = BUILT_PRODUCTS_DIR; };
		31426851D1B942D45FEC1569 /* Pods_WeatherAppTests.framework */ = {isa = PBXFileReference; explicitFileType = wrapper.framework; includeInIndex = 0; path = Pods_WeatherAppTests.framework; sourceTree = BUILT_PRODUCTS_DIR; };
		41B15F14266467766000DAB0 /* Pods-WeatherApp.release.xcconfig */ = {isa = PBXFileReference; includeInIndex = 1; lastKnownFileType = text.xcconfig; name = "Pods-WeatherApp.release.xcconfig"; path = "Pods/Target Support Files/Pods-WeatherApp/Pods-WeatherApp.release.xcconfig"; sourceTree = "<group>"; };
		9A26059D2110A6C50019905A /* XCTestCaseExtensions.swift */ = {isa = PBXFileReference; lastKnownFileType = sourcecode.swift; path = XCTestCaseExtensions.swift; sourceTree = "<group>"; };
		9AB82F572118A25600DF359A /* DomainLayer.framework */ = {isa = PBXFileReference; explicitFileType = wrapper.framework; path = DomainLayer.framework; sourceTree = BUILT_PRODUCTS_DIR; };
		9AB82FA82118AAFA00DF359A /* DataLayer.framework */ = {isa = PBXFileReference; explicitFileType = wrapper.framework; path = DataLayer.framework; sourceTree = BUILT_PRODUCTS_DIR; };
		9AB82FAD2118AF6B00DF359A /* MainViewController.xib */ = {isa = PBXFileReference; lastKnownFileType = file.xib; path = MainViewController.xib; sourceTree = "<group>"; };
		9ABEB6F72103396A00FF371B /* WeatherApp.app */ = {isa = PBXFileReference; explicitFileType = wrapper.application; includeInIndex = 0; path = WeatherApp.app; sourceTree = BUILT_PRODUCTS_DIR; };
		9ABEB6FA2103396A00FF371B /* AppDelegate.swift */ = {isa = PBXFileReference; lastKnownFileType = sourcecode.swift; path = AppDelegate.swift; sourceTree = "<group>"; };
		9ABEB7012103396B00FF371B /* Assets.xcassets */ = {isa = PBXFileReference; lastKnownFileType = folder.assetcatalog; path = Assets.xcassets; sourceTree = "<group>"; };
		9ABEB7042103396B00FF371B /* Base */ = {isa = PBXFileReference; lastKnownFileType = file.storyboard; name = Base; path = Base.lproj/LaunchScreen.storyboard; sourceTree = "<group>"; };
		9ABEB7062103396B00FF371B /* Info.plist */ = {isa = PBXFileReference; lastKnownFileType = text.plist.xml; path = Info.plist; sourceTree = "<group>"; };
		9ABEB70B2103396C00FF371B /* WeatherAppTests.xctest */ = {isa = PBXFileReference; explicitFileType = wrapper.cfbundle; includeInIndex = 0; path = WeatherAppTests.xctest; sourceTree = BUILT_PRODUCTS_DIR; };
		9ABEB7112103396C00FF371B /* Info.plist */ = {isa = PBXFileReference; lastKnownFileType = text.plist.xml; path = Info.plist; sourceTree = "<group>"; };
		9ABEB7162103396C00FF371B /* WeatherAppUITests.xctest */ = {isa = PBXFileReference; explicitFileType = wrapper.cfbundle; includeInIndex = 0; path = WeatherAppUITests.xctest; sourceTree = BUILT_PRODUCTS_DIR; };
		9ABEB71A2103396C00FF371B /* WeatherAppUITests.swift */ = {isa = PBXFileReference; lastKnownFileType = sourcecode.swift; path = WeatherAppUITests.swift; sourceTree = "<group>"; };
		9ABEB71C2103396C00FF371B /* Info.plist */ = {isa = PBXFileReference; lastKnownFileType = text.plist.xml; path = Info.plist; sourceTree = "<group>"; };
		9ABEB72A21033C1300FF371B /* MainViewController.swift */ = {isa = PBXFileReference; lastKnownFileType = sourcecode.swift; path = MainViewController.swift; sourceTree = "<group>"; };
		9AC3A45A212C6126001A1513 /* BarChartView.swift */ = {isa = PBXFileReference; lastKnownFileType = sourcecode.swift; path = BarChartView.swift; sourceTree = "<group>"; };
		9AFB089C21299BB80069ACC1 /* TestsPlaceholderTests.swift */ = {isa = PBXFileReference; lastKnownFileType = sourcecode.swift; path = TestsPlaceholderTests.swift; sourceTree = "<group>"; };
		A603F44A79F59FCEB44E7D47 /* Pods-WeatherApp.debug.xcconfig */ = {isa = PBXFileReference; includeInIndex = 1; lastKnownFileType = text.xcconfig; name = "Pods-WeatherApp.debug.xcconfig"; path = "Pods/Target Support Files/Pods-WeatherApp/Pods-WeatherApp.debug.xcconfig"; sourceTree = "<group>"; };
		CD9619978036ECA78B97993B /* Pods-WeatherAppUITests.release.xcconfig */ = {isa = PBXFileReference; includeInIndex = 1; lastKnownFileType = text.xcconfig; name = "Pods-WeatherAppUITests.release.xcconfig"; path = "Pods/Target Support Files/Pods-WeatherAppUITests/Pods-WeatherAppUITests.release.xcconfig"; sourceTree = "<group>"; };
		E802DA34F8CEFBC055EFC64B /* Pods-WeatherAppUITests.debug.xcconfig */ = {isa = PBXFileReference; includeInIndex = 1; lastKnownFileType = text.xcconfig; name = "Pods-WeatherAppUITests.debug.xcconfig"; path = "Pods/Target Support Files/Pods-WeatherAppUITests/Pods-WeatherAppUITests.debug.xcconfig"; sourceTree = "<group>"; };
		E86814B3F1CF2BA2C06D8DC6 /* Pods-WeatherAppTests.release.xcconfig */ = {isa = PBXFileReference; includeInIndex = 1; lastKnownFileType = text.xcconfig; name = "Pods-WeatherAppTests.release.xcconfig"; path = "Pods/Target Support Files/Pods-WeatherAppTests/Pods-WeatherAppTests.release.xcconfig"; sourceTree = "<group>"; };
/* End PBXFileReference section */

/* Begin PBXFrameworksBuildPhase section */
		9ABEB6F42103396A00FF371B /* Frameworks */ = {
			isa = PBXFrameworksBuildPhase;
			buildActionMask = 2147483647;
			files = (
				9AB82FA92118AAFA00DF359A /* DataLayer.framework in Frameworks */,
				9AB82F582118A25600DF359A /* DomainLayer.framework in Frameworks */,
				FD82323D84B8626FD80E1D93 /* Pods_WeatherApp.framework in Frameworks */,
			);
			runOnlyForDeploymentPostprocessing = 0;
		};
		9ABEB7082103396C00FF371B /* Frameworks */ = {
			isa = PBXFrameworksBuildPhase;
			buildActionMask = 2147483647;
			files = (
				46CECB3E3CB0D3749D9C294F /* Pods_WeatherAppTests.framework in Frameworks */,
			);
			runOnlyForDeploymentPostprocessing = 0;
		};
		9ABEB7132103396C00FF371B /* Frameworks */ = {
			isa = PBXFrameworksBuildPhase;
			buildActionMask = 2147483647;
			files = (
				DD7C2717087012324A8A3951 /* Pods_WeatherAppUITests.framework in Frameworks */,
			);
			runOnlyForDeploymentPostprocessing = 0;
		};
/* End PBXFrameworksBuildPhase section */

/* Begin PBXGroup section */
		9ABEB6EE2103396A00FF371B = {
			isa = PBXGroup;
			children = (
				9ABEB6F92103396A00FF371B /* WeatherApp */,
				9ABEB70E2103396C00FF371B /* WeatherAppTests */,
				9ABEB7192103396C00FF371B /* WeatherAppUITests */,
				9ABEB6F82103396A00FF371B /* Products */,
				F0AF95F25926AA05FF270D21 /* Pods */,
				CBA01F879ED88A1562706EC3 /* Frameworks */,
			);
			sourceTree = "<group>";
		};
		9ABEB6F82103396A00FF371B /* Products */ = {
			isa = PBXGroup;
			children = (
				9ABEB6F72103396A00FF371B /* WeatherApp.app */,
				9ABEB70B2103396C00FF371B /* WeatherAppTests.xctest */,
				9ABEB7162103396C00FF371B /* WeatherAppUITests.xctest */,
			);
			name = Products;
			sourceTree = "<group>";
		};
		9ABEB6F92103396A00FF371B /* WeatherApp */ = {
			isa = PBXGroup;
			children = (
				9ABEB72C21033C6100FF371B /* UI */,
				9ABEB6FA2103396A00FF371B /* AppDelegate.swift */,
				9ABEB7062103396B00FF371B /* Info.plist */,
			);
			path = WeatherApp;
			sourceTree = "<group>";
		};
		9ABEB70E2103396C00FF371B /* WeatherAppTests */ = {
			isa = PBXGroup;
			children = (
				9ABEB7112103396C00FF371B /* Info.plist */,
				9AFB089C21299BB80069ACC1 /* TestsPlaceholderTests.swift */,
			);
			path = WeatherAppTests;
			sourceTree = "<group>";
		};
		9ABEB7192103396C00FF371B /* WeatherAppUITests */ = {
			isa = PBXGroup;
			children = (
				9A26059D2110A6C50019905A /* XCTestCaseExtensions.swift */,
				9ABEB71A2103396C00FF371B /* WeatherAppUITests.swift */,
				9ABEB71C2103396C00FF371B /* Info.plist */,
			);
			path = WeatherAppUITests;
			sourceTree = "<group>";
		};
		9ABEB72C21033C6100FF371B /* UI */ = {
			isa = PBXGroup;
			children = (
				9ABEB72A21033C1300FF371B /* MainViewController.swift */,
				9AB82FAD2118AF6B00DF359A /* MainViewController.xib */,
				9ABEB7012103396B00FF371B /* Assets.xcassets */,
				9ABEB7032103396B00FF371B /* LaunchScreen.storyboard */,
				9AC3A45A212C6126001A1513 /* BarChartView.swift */,
			);
			path = UI;
			sourceTree = "<group>";
		};
		CBA01F879ED88A1562706EC3 /* Frameworks */ = {
			isa = PBXGroup;
			children = (
				9AB82FA82118AAFA00DF359A /* DataLayer.framework */,
				9AB82F572118A25600DF359A /* DomainLayer.framework */,
				0CA71385DA2E9792FED10A56 /* Pods_WeatherApp.framework */,
				31426851D1B942D45FEC1569 /* Pods_WeatherAppTests.framework */,
				24A6133AFABF12E238EE9A5E /* Pods_WeatherAppUITests.framework */,
			);
			name = Frameworks;
			sourceTree = "<group>";
		};
		F0AF95F25926AA05FF270D21 /* Pods */ = {
			isa = PBXGroup;
			children = (
				A603F44A79F59FCEB44E7D47 /* Pods-WeatherApp.debug.xcconfig */,
				41B15F14266467766000DAB0 /* Pods-WeatherApp.release.xcconfig */,
				20F8451943CF763BB60ED0D9 /* Pods-WeatherAppTests.debug.xcconfig */,
				E86814B3F1CF2BA2C06D8DC6 /* Pods-WeatherAppTests.release.xcconfig */,
				E802DA34F8CEFBC055EFC64B /* Pods-WeatherAppUITests.debug.xcconfig */,
				CD9619978036ECA78B97993B /* Pods-WeatherAppUITests.release.xcconfig */,
			);
			name = Pods;
			sourceTree = "<group>";
		};
/* End PBXGroup section */

/* Begin PBXNativeTarget section */
		9ABEB6F62103396A00FF371B /* WeatherApp */ = {
			isa = PBXNativeTarget;
			buildConfigurationList = 9ABEB71F2103396C00FF371B /* Build configuration list for PBXNativeTarget "WeatherApp" */;
			buildPhases = (
				12BF74CC41A2A7E08517CD41 /* [CP] Check Pods Manifest.lock */,
				9ABEB6F32103396A00FF371B /* Sources */,
				9ABEB6F42103396A00FF371B /* Frameworks */,
				9ABEB6F52103396A00FF371B /* Resources */,
				9A0F84BA21299A26007EF376 /* Embed frameworks */,
			);
			buildRules = (
			);
			dependencies = (
			);
			name = WeatherApp;
			productName = WeatherApp;
			productReference = 9ABEB6F72103396A00FF371B /* WeatherApp.app */;
			productType = "com.apple.product-type.application";
		};
		9ABEB70A2103396C00FF371B /* WeatherAppTests */ = {
			isa = PBXNativeTarget;
			buildConfigurationList = 9ABEB7222103396C00FF371B /* Build configuration list for PBXNativeTarget "WeatherAppTests" */;
			buildPhases = (
				4EA16481893958706D9CE4BC /* [CP] Check Pods Manifest.lock */,
				9ABEB7072103396C00FF371B /* Sources */,
				9ABEB7082103396C00FF371B /* Frameworks */,
				9ABEB7092103396C00FF371B /* Resources */,
			);
			buildRules = (
			);
			dependencies = (
				9ABEB70D2103396C00FF371B /* PBXTargetDependency */,
			);
			name = WeatherAppTests;
			productName = WeatherAppTests;
			productReference = 9ABEB70B2103396C00FF371B /* WeatherAppTests.xctest */;
			productType = "com.apple.product-type.bundle.unit-test";
		};
		9ABEB7152103396C00FF371B /* WeatherAppUITests */ = {
			isa = PBXNativeTarget;
			buildConfigurationList = 9ABEB7252103396C00FF371B /* Build configuration list for PBXNativeTarget "WeatherAppUITests" */;
			buildPhases = (
				BC52E05DB134246099B194AC /* [CP] Check Pods Manifest.lock */,
				9ABEB7122103396C00FF371B /* Sources */,
				9ABEB7132103396C00FF371B /* Frameworks */,
				9ABEB7142103396C00FF371B /* Resources */,
			);
			buildRules = (
			);
			dependencies = (
				9ABEB7182103396C00FF371B /* PBXTargetDependency */,
			);
			name = WeatherAppUITests;
			productName = WeatherAppUITests;
			productReference = 9ABEB7162103396C00FF371B /* WeatherAppUITests.xctest */;
			productType = "com.apple.product-type.bundle.ui-testing";
		};
/* End PBXNativeTarget section */

/* Begin PBXProject section */
		9ABEB6EF2103396A00FF371B /* Project object */ = {
			isa = PBXProject;
			attributes = {
				LastSwiftUpdateCheck = 0940;
				LastUpgradeCheck = 0940;
				ORGANIZATIONNAME = "Lubarda, Miso";
				TargetAttributes = {
					9ABEB6F62103396A00FF371B = {
						CreatedOnToolsVersion = 9.4.1;
					};
					9ABEB70A2103396C00FF371B = {
						CreatedOnToolsVersion = 9.4.1;
						LastSwiftMigration = 0940;
						TestTargetID = 9ABEB6F62103396A00FF371B;
					};
					9ABEB7152103396C00FF371B = {
						CreatedOnToolsVersion = 9.4.1;
						TestTargetID = 9ABEB6F62103396A00FF371B;
					};
				};
			};
			buildConfigurationList = 9ABEB6F22103396A00FF371B /* Build configuration list for PBXProject "WeatherApp" */;
			compatibilityVersion = "Xcode 9.3";
			developmentRegion = en;
			hasScannedForEncodings = 0;
			knownRegions = (
				en,
				Base,
			);
			mainGroup = 9ABEB6EE2103396A00FF371B;
			productRefGroup = 9ABEB6F82103396A00FF371B /* Products */;
			projectDirPath = "";
			projectRoot = "";
			targets = (
				9ABEB6F62103396A00FF371B /* WeatherApp */,
				9ABEB70A2103396C00FF371B /* WeatherAppTests */,
				9ABEB7152103396C00FF371B /* WeatherAppUITests */,
			);
		};
/* End PBXProject section */

/* Begin PBXResourcesBuildPhase section */
		9ABEB6F52103396A00FF371B /* Resources */ = {
			isa = PBXResourcesBuildPhase;
			buildActionMask = 2147483647;
			files = (
				9ABEB7052103396B00FF371B /* LaunchScreen.storyboard in Resources */,
				9ABEB7022103396B00FF371B /* Assets.xcassets in Resources */,
				9AB82FAE2118AF6B00DF359A /* MainViewController.xib in Resources */,
			);
			runOnlyForDeploymentPostprocessing = 0;
		};
		9ABEB7092103396C00FF371B /* Resources */ = {
			isa = PBXResourcesBuildPhase;
			buildActionMask = 2147483647;
			files = (
			);
			runOnlyForDeploymentPostprocessing = 0;
		};
		9ABEB7142103396C00FF371B /* Resources */ = {
			isa = PBXResourcesBuildPhase;
			buildActionMask = 2147483647;
			files = (
			);
			runOnlyForDeploymentPostprocessing = 0;
		};
/* End PBXResourcesBuildPhase section */

/* Begin PBXShellScriptBuildPhase section */
		12BF74CC41A2A7E08517CD41 /* [CP] Check Pods Manifest.lock */ = {
			isa = PBXShellScriptBuildPhase;
			buildActionMask = 2147483647;
			files = (
			);
			inputPaths = (
				"${PODS_PODFILE_DIR_PATH}/Podfile.lock",
				"${PODS_ROOT}/Manifest.lock",
			);
			name = "[CP] Check Pods Manifest.lock";
			outputPaths = (
				"$(DERIVED_FILE_DIR)/Pods-WeatherApp-checkManifestLockResult.txt",
			);
			runOnlyForDeploymentPostprocessing = 0;
			shellPath = /bin/sh;
			shellScript = "diff \"${PODS_PODFILE_DIR_PATH}/Podfile.lock\" \"${PODS_ROOT}/Manifest.lock\" > /dev/null\nif [ $? != 0 ] ; then\n    # print error to STDERR\n    echo \"error: The sandbox is not in sync with the Podfile.lock. Run 'pod install' or update your CocoaPods installation.\" >&2\n    exit 1\nfi\n# This output is used by Xcode 'outputs' to avoid re-running this script phase.\necho \"SUCCESS\" > \"${SCRIPT_OUTPUT_FILE_0}\"\n";
			showEnvVarsInLog = 0;
		};
		4EA16481893958706D9CE4BC /* [CP] Check Pods Manifest.lock */ = {
			isa = PBXShellScriptBuildPhase;
			buildActionMask = 2147483647;
			files = (
			);
			inputPaths = (
				"${PODS_PODFILE_DIR_PATH}/Podfile.lock",
				"${PODS_ROOT}/Manifest.lock",
			);
			name = "[CP] Check Pods Manifest.lock";
			outputPaths = (
				"$(DERIVED_FILE_DIR)/Pods-WeatherAppTests-checkManifestLockResult.txt",
			);
			runOnlyForDeploymentPostprocessing = 0;
			shellPath = /bin/sh;
			shellScript = "diff \"${PODS_PODFILE_DIR_PATH}/Podfile.lock\" \"${PODS_ROOT}/Manifest.lock\" > /dev/null\nif [ $? != 0 ] ; then\n    # print error to STDERR\n    echo \"error: The sandbox is not in sync with the Podfile.lock. Run 'pod install' or update your CocoaPods installation.\" >&2\n    exit 1\nfi\n# This output is used by Xcode 'outputs' to avoid re-running this script phase.\necho \"SUCCESS\" > \"${SCRIPT_OUTPUT_FILE_0}\"\n";
			showEnvVarsInLog = 0;
		};
		BC52E05DB134246099B194AC /* [CP] Check Pods Manifest.lock */ = {
			isa = PBXShellScriptBuildPhase;
			buildActionMask = 2147483647;
			files = (
			);
			inputPaths = (
				"${PODS_PODFILE_DIR_PATH}/Podfile.lock",
				"${PODS_ROOT}/Manifest.lock",
			);
			name = "[CP] Check Pods Manifest.lock";
			outputPaths = (
				"$(DERIVED_FILE_DIR)/Pods-WeatherAppUITests-checkManifestLockResult.txt",
			);
			runOnlyForDeploymentPostprocessing = 0;
			shellPath = /bin/sh;
			shellScript = "diff \"${PODS_PODFILE_DIR_PATH}/Podfile.lock\" \"${PODS_ROOT}/Manifest.lock\" > /dev/null\nif [ $? != 0 ] ; then\n    # print error to STDERR\n    echo \"error: The sandbox is not in sync with the Podfile.lock. Run 'pod install' or update your CocoaPods installation.\" >&2\n    exit 1\nfi\n# This output is used by Xcode 'outputs' to avoid re-running this script phase.\necho \"SUCCESS\" > \"${SCRIPT_OUTPUT_FILE_0}\"\n";
			showEnvVarsInLog = 0;
		};
/* End PBXShellScriptBuildPhase section */

/* Begin PBXSourcesBuildPhase section */
		9ABEB6F32103396A00FF371B /* Sources */ = {
			isa = PBXSourcesBuildPhase;
			buildActionMask = 2147483647;
			files = (
				9ABEB6FB2103396A00FF371B /* AppDelegate.swift in Sources */,
				9ABEB72B21033C1300FF371B /* MainViewController.swift in Sources */,
				9AC3A45B212C6126001A1513 /* BarChartView.swift in Sources */,
			);
			runOnlyForDeploymentPostprocessing = 0;
		};
		9ABEB7072103396C00FF371B /* Sources */ = {
			isa = PBXSourcesBuildPhase;
			buildActionMask = 2147483647;
			files = (
				9AFB089D21299BB80069ACC1 /* TestsPlaceholderTests.swift in Sources */,
			);
			runOnlyForDeploymentPostprocessing = 0;
		};
		9ABEB7122103396C00FF371B /* Sources */ = {
			isa = PBXSourcesBuildPhase;
			buildActionMask = 2147483647;
			files = (
				9ABEB71B2103396C00FF371B /* WeatherAppUITests.swift in Sources */,
				9A26059E2110A6C50019905A /* XCTestCaseExtensions.swift in Sources */,
			);
			runOnlyForDeploymentPostprocessing = 0;
		};
/* End PBXSourcesBuildPhase section */

/* Begin PBXTargetDependency section */
		9ABEB70D2103396C00FF371B /* PBXTargetDependency */ = {
			isa = PBXTargetDependency;
			target = 9ABEB6F62103396A00FF371B /* WeatherApp */;
			targetProxy = 9ABEB70C2103396C00FF371B /* PBXContainerItemProxy */;
		};
		9ABEB7182103396C00FF371B /* PBXTargetDependency */ = {
			isa = PBXTargetDependency;
			target = 9ABEB6F62103396A00FF371B /* WeatherApp */;
			targetProxy = 9ABEB7172103396C00FF371B /* PBXContainerItemProxy */;
		};
/* End PBXTargetDependency section */

/* Begin PBXVariantGroup section */
		9ABEB7032103396B00FF371B /* LaunchScreen.storyboard */ = {
			isa = PBXVariantGroup;
			children = (
				9ABEB7042103396B00FF371B /* Base */,
			);
			name = LaunchScreen.storyboard;
			sourceTree = "<group>";
		};
/* End PBXVariantGroup section */

/* Begin XCBuildConfiguration section */
		9ABEB71D2103396C00FF371B /* Debug */ = {
			isa = XCBuildConfiguration;
			buildSettings = {
				ALWAYS_SEARCH_USER_PATHS = NO;
				CLANG_ANALYZER_NONNULL = YES;
				CLANG_ANALYZER_NUMBER_OBJECT_CONVERSION = YES_AGGRESSIVE;
				CLANG_CXX_LANGUAGE_STANDARD = "gnu++14";
				CLANG_CXX_LIBRARY = "libc++";
				CLANG_ENABLE_MODULES = YES;
				CLANG_ENABLE_OBJC_ARC = YES;
				CLANG_ENABLE_OBJC_WEAK = YES;
				CLANG_WARN_BLOCK_CAPTURE_AUTORELEASING = YES;
				CLANG_WARN_BOOL_CONVERSION = YES;
				CLANG_WARN_COMMA = YES;
				CLANG_WARN_CONSTANT_CONVERSION = YES;
				CLANG_WARN_DEPRECATED_OBJC_IMPLEMENTATIONS = YES;
				CLANG_WARN_DIRECT_OBJC_ISA_USAGE = YES_ERROR;
				CLANG_WARN_DOCUMENTATION_COMMENTS = YES;
				CLANG_WARN_EMPTY_BODY = YES;
				CLANG_WARN_ENUM_CONVERSION = YES;
				CLANG_WARN_INFINITE_RECURSION = YES;
				CLANG_WARN_INT_CONVERSION = YES;
				CLANG_WARN_NON_LITERAL_NULL_CONVERSION = YES;
				CLANG_WARN_OBJC_IMPLICIT_RETAIN_SELF = YES;
				CLANG_WARN_OBJC_LITERAL_CONVERSION = YES;
				CLANG_WARN_OBJC_ROOT_CLASS = YES_ERROR;
				CLANG_WARN_RANGE_LOOP_ANALYSIS = YES;
				CLANG_WARN_STRICT_PROTOTYPES = YES;
				CLANG_WARN_SUSPICIOUS_MOVE = YES;
				CLANG_WARN_UNGUARDED_AVAILABILITY = YES_AGGRESSIVE;
				CLANG_WARN_UNREACHABLE_CODE = YES;
				CLANG_WARN__DUPLICATE_METHOD_MATCH = YES;
				CODE_SIGN_IDENTITY = "iPhone Developer";
				COPY_PHASE_STRIP = NO;
				DEBUG_INFORMATION_FORMAT = dwarf;
				ENABLE_STRICT_OBJC_MSGSEND = YES;
				ENABLE_TESTABILITY = YES;
				GCC_C_LANGUAGE_STANDARD = gnu11;
				GCC_DYNAMIC_NO_PIC = NO;
				GCC_NO_COMMON_BLOCKS = YES;
				GCC_OPTIMIZATION_LEVEL = 0;
				GCC_PREPROCESSOR_DEFINITIONS = (
					"DEBUG=1",
					"$(inherited)",
				);
				GCC_WARN_64_TO_32_BIT_CONVERSION = YES;
				GCC_WARN_ABOUT_RETURN_TYPE = YES_ERROR;
				GCC_WARN_UNDECLARED_SELECTOR = YES;
				GCC_WARN_UNINITIALIZED_AUTOS = YES_AGGRESSIVE;
				GCC_WARN_UNUSED_FUNCTION = YES;
				GCC_WARN_UNUSED_VARIABLE = YES;
				IPHONEOS_DEPLOYMENT_TARGET = 11.4;
				MTL_ENABLE_DEBUG_INFO = YES;
				ONLY_ACTIVE_ARCH = YES;
				SDKROOT = iphoneos;
				SWIFT_ACTIVE_COMPILATION_CONDITIONS = DEBUG;
				SWIFT_OPTIMIZATION_LEVEL = "-Onone";
			};
			name = Debug;
		};
		9ABEB71E2103396C00FF371B /* Release */ = {
			isa = XCBuildConfiguration;
			buildSettings = {
				ALWAYS_SEARCH_USER_PATHS = NO;
				CLANG_ANALYZER_NONNULL = YES;
				CLANG_ANALYZER_NUMBER_OBJECT_CONVERSION = YES_AGGRESSIVE;
				CLANG_CXX_LANGUAGE_STANDARD = "gnu++14";
				CLANG_CXX_LIBRARY = "libc++";
				CLANG_ENABLE_MODULES = YES;
				CLANG_ENABLE_OBJC_ARC = YES;
				CLANG_ENABLE_OBJC_WEAK = YES;
				CLANG_WARN_BLOCK_CAPTURE_AUTORELEASING = YES;
				CLANG_WARN_BOOL_CONVERSION = YES;
				CLANG_WARN_COMMA = YES;
				CLANG_WARN_CONSTANT_CONVERSION = YES;
				CLANG_WARN_DEPRECATED_OBJC_IMPLEMENTATIONS = YES;
				CLANG_WARN_DIRECT_OBJC_ISA_USAGE = YES_ERROR;
				CLANG_WARN_DOCUMENTATION_COMMENTS = YES;
				CLANG_WARN_EMPTY_BODY = YES;
				CLANG_WARN_ENUM_CONVERSION = YES;
				CLANG_WARN_INFINITE_RECURSION = YES;
				CLANG_WARN_INT_CONVERSION = YES;
				CLANG_WARN_NON_LITERAL_NULL_CONVERSION = YES;
				CLANG_WARN_OBJC_IMPLICIT_RETAIN_SELF = YES;
				CLANG_WARN_OBJC_LITERAL_CONVERSION = YES;
				CLANG_WARN_OBJC_ROOT_CLASS = YES_ERROR;
				CLANG_WARN_RANGE_LOOP_ANALYSIS = YES;
				CLANG_WARN_STRICT_PROTOTYPES = YES;
				CLANG_WARN_SUSPICIOUS_MOVE = YES;
				CLANG_WARN_UNGUARDED_AVAILABILITY = YES_AGGRESSIVE;
				CLANG_WARN_UNREACHABLE_CODE = YES;
				CLANG_WARN__DUPLICATE_METHOD_MATCH = YES;
				CODE_SIGN_IDENTITY = "iPhone Developer";
				COPY_PHASE_STRIP = NO;
				DEBUG_INFORMATION_FORMAT = "dwarf-with-dsym";
				ENABLE_NS_ASSERTIONS = NO;
				ENABLE_STRICT_OBJC_MSGSEND = YES;
				GCC_C_LANGUAGE_STANDARD = gnu11;
				GCC_NO_COMMON_BLOCKS = YES;
				GCC_WARN_64_TO_32_BIT_CONVERSION = YES;
				GCC_WARN_ABOUT_RETURN_TYPE = YES_ERROR;
				GCC_WARN_UNDECLARED_SELECTOR = YES;
				GCC_WARN_UNINITIALIZED_AUTOS = YES_AGGRESSIVE;
				GCC_WARN_UNUSED_FUNCTION = YES;
				GCC_WARN_UNUSED_VARIABLE = YES;
				IPHONEOS_DEPLOYMENT_TARGET = 11.4;
				MTL_ENABLE_DEBUG_INFO = NO;
				SDKROOT = iphoneos;
				SWIFT_COMPILATION_MODE = wholemodule;
				SWIFT_OPTIMIZATION_LEVEL = "-O";
				VALIDATE_PRODUCT = YES;
			};
			name = Release;
		};
		9ABEB7202103396C00FF371B /* Debug */ = {
			isa = XCBuildConfiguration;
			baseConfigurationReference = A603F44A79F59FCEB44E7D47 /* Pods-WeatherApp.debug.xcconfig */;
			buildSettings = {
				ASSETCATALOG_COMPILER_APPICON_NAME = AppIcon;
				CODE_SIGN_STYLE = Automatic;
				INFOPLIST_FILE = WeatherApp/Info.plist;
				LD_RUNPATH_SEARCH_PATHS = (
					"$(inherited)",
					"@executable_path/Frameworks",
				);
				PRODUCT_BUNDLE_IDENTIFIER = OurOrg.WeatherApp;
				PRODUCT_NAME = "$(TARGET_NAME)";
				SWIFT_VERSION = 4.0;
				TARGETED_DEVICE_FAMILY = "1,2";
			};
			name = Debug;
		};
		9ABEB7212103396C00FF371B /* Release */ = {
			isa = XCBuildConfiguration;
			baseConfigurationReference = 41B15F14266467766000DAB0 /* Pods-WeatherApp.release.xcconfig */;
			buildSettings = {
				ASSETCATALOG_COMPILER_APPICON_NAME = AppIcon;
				CODE_SIGN_STYLE = Automatic;
				INFOPLIST_FILE = WeatherApp/Info.plist;
				LD_RUNPATH_SEARCH_PATHS = (
					"$(inherited)",
					"@executable_path/Frameworks",
				);
				PRODUCT_BUNDLE_IDENTIFIER = OurOrg.WeatherApp;
				PRODUCT_NAME = "$(TARGET_NAME)";
				SWIFT_VERSION = 4.0;
				TARGETED_DEVICE_FAMILY = "1,2";
			};
			name = Release;
		};
		9ABEB7232103396C00FF371B /* Debug */ = {
			isa = XCBuildConfiguration;
			baseConfigurationReference = 20F8451943CF763BB60ED0D9 /* Pods-WeatherAppTests.debug.xcconfig */;
			buildSettings = {
				ALWAYS_EMBED_SWIFT_STANDARD_LIBRARIES = YES;
				BUNDLE_LOADER = "$(TEST_HOST)";
				CLANG_ENABLE_MODULES = YES;
				CODE_SIGN_STYLE = Automatic;
				INFOPLIST_FILE = WeatherAppTests/Info.plist;
				LD_RUNPATH_SEARCH_PATHS = (
					"$(inherited)",
					"@executable_path/Frameworks",
					"@loader_path/Frameworks",
				);
				PRODUCT_BUNDLE_IDENTIFIER = OurOrg.WeatherAppTests;
				PRODUCT_NAME = "$(TARGET_NAME)";
				SWIFT_OPTIMIZATION_LEVEL = "-Onone";
				SWIFT_VERSION = 4.0;
				TARGETED_DEVICE_FAMILY = "1,2";
				TEST_HOST = "$(BUILT_PRODUCTS_DIR)/WeatherApp.app/WeatherApp";
			};
			name = Debug;
		};
		9ABEB7242103396C00FF371B /* Release */ = {
			isa = XCBuildConfiguration;
			baseConfigurationReference = E86814B3F1CF2BA2C06D8DC6 /* Pods-WeatherAppTests.release.xcconfig */;
			buildSettings = {
				ALWAYS_EMBED_SWIFT_STANDARD_LIBRARIES = YES;
				BUNDLE_LOADER = "$(TEST_HOST)";
				CLANG_ENABLE_MODULES = YES;
				CODE_SIGN_STYLE = Automatic;
				INFOPLIST_FILE = WeatherAppTests/Info.plist;
				LD_RUNPATH_SEARCH_PATHS = (
					"$(inherited)",
					"@executable_path/Frameworks",
					"@loader_path/Frameworks",
				);
				PRODUCT_BUNDLE_IDENTIFIER = OurOrg.WeatherAppTests;
				PRODUCT_NAME = "$(TARGET_NAME)";
				SWIFT_VERSION = 4.0;
				TARGETED_DEVICE_FAMILY = "1,2";
				TEST_HOST = "$(BUILT_PRODUCTS_DIR)/WeatherApp.app/WeatherApp";
			};
			name = Release;
		};
		9ABEB7262103396C00FF371B /* Debug */ = {
			isa = XCBuildConfiguration;
			baseConfigurationReference = E802DA34F8CEFBC055EFC64B /* Pods-WeatherAppUITests.debug.xcconfig */;
			buildSettings = {
				ALWAYS_EMBED_SWIFT_STANDARD_LIBRARIES = YES;
				CODE_SIGN_STYLE = Automatic;
				INFOPLIST_FILE = WeatherAppUITests/Info.plist;
				LD_RUNPATH_SEARCH_PATHS = (
					"$(inherited)",
					"@executable_path/Frameworks",
					"@loader_path/Frameworks",
				);
				PRODUCT_BUNDLE_IDENTIFIER = OurOrg.WeatherAppUITests;
				PRODUCT_NAME = "$(TARGET_NAME)";
				SWIFT_VERSION = 4.0;
				TARGETED_DEVICE_FAMILY = "1,2";
				TEST_TARGET_NAME = WeatherApp;
			};
			name = Debug;
		};
		9ABEB7272103396C00FF371B /* Release */ = {
			isa = XCBuildConfiguration;
			baseConfigurationReference = CD9619978036ECA78B97993B /* Pods-WeatherAppUITests.release.xcconfig */;
			buildSettings = {
				ALWAYS_EMBED_SWIFT_STANDARD_LIBRARIES = YES;
				CODE_SIGN_STYLE = Automatic;
				INFOPLIST_FILE = WeatherAppUITests/Info.plist;
				LD_RUNPATH_SEARCH_PATHS = (
					"$(inherited)",
					"@executable_path/Frameworks",
					"@loader_path/Frameworks",
				);
				PRODUCT_BUNDLE_IDENTIFIER = OurOrg.WeatherAppUITests;
				PRODUCT_NAME = "$(TARGET_NAME)";
				SWIFT_VERSION = 4.0;
				TARGETED_DEVICE_FAMILY = "1,2";
				TEST_TARGET_NAME = WeatherApp;
			};
			name = Release;
		};
/* End XCBuildConfiguration section */

/* Begin XCConfigurationList section */
		9ABEB6F22103396A00FF371B /* Build configuration list for PBXProject "WeatherApp" */ = {
			isa = XCConfigurationList;
			buildConfigurations = (
				9ABEB71D2103396C00FF371B /* Debug */,
				9ABEB71E2103396C00FF371B /* Release */,
			);
			defaultConfigurationIsVisible = 0;
			defaultConfigurationName = Release;
		};
		9ABEB71F2103396C00FF371B /* Build configuration list for PBXNativeTarget "WeatherApp" */ = {
			isa = XCConfigurationList;
			buildConfigurations = (
				9ABEB7202103396C00FF371B /* Debug */,
				9ABEB7212103396C00FF371B /* Release */,
			);
			defaultConfigurationIsVisible = 0;
			defaultConfigurationName = Release;
		};
		9ABEB7222103396C00FF371B /* Build configuration list for PBXNativeTarget "WeatherAppTests" */ = {
			isa = XCConfigurationList;
			buildConfigurations = (
				9ABEB7232103396C00FF371B /* Debug */,
				9ABEB7242103396C00FF371B /* Release */,
			);
			defaultConfigurationIsVisible = 0;
			defaultConfigurationName = Release;
		};
		9ABEB7252103396C00FF371B /* Build configuration list for PBXNativeTarget "WeatherAppUITests" */ = {
			isa = XCConfigurationList;
			buildConfigurations = (
				9ABEB7262103396C00FF371B /* Debug */,
				9ABEB7272103396C00FF371B /* Release */,
			);
			defaultConfigurationIsVisible = 0;
			defaultConfigurationName = Release;
		};
/* End XCConfigurationList section */
	};
	rootObject = 9ABEB6EF2103396A00FF371B /* Project object */;
}
